// !$*UTF8*$!
{
	archiveVersion = 1;
	classes = {
	};
	objectVersion = 77;
	objects = {

/* Begin PBXBuildFile section */
		7EE360D62EB33BBF00332084 /* WidgetKit.framework in Frameworks */ = {isa = PBXBuildFile; fileRef = 7EE360D52EB33BBF00332084 /* WidgetKit.framework */; };
		7EE360D82EB33BBF00332084 /* SwiftUI.framework in Frameworks */ = {isa = PBXBuildFile; fileRef = 7EE360D72EB33BBF00332084 /* SwiftUI.framework */; };
		7EE360E92EB33BC200332084 /* DemoWidgetExtension.appex in Embed Foundation Extensions */ = {isa = PBXBuildFile; fileRef = 7EE360D32EB33BBF00332084 /* DemoWidgetExtension.appex */; settings = {ATTRIBUTES = (RemoveHeadersOnCopy, ); }; };
/* End PBXBuildFile section */

/* Begin PBXContainerItemProxy section */
		7EE360B32EB33B9000332084 /* PBXContainerItemProxy */ = {
			isa = PBXContainerItemProxy;
			containerPortal = 7EE3609D2EB33B8E00332084 /* Project object */;
			proxyType = 1;
			remoteGlobalIDString = 7EE360A42EB33B8F00332084;
			remoteInfo = DynamicIslandDemo;
		};
		7EE360BD2EB33B9000332084 /* PBXContainerItemProxy */ = {
			isa = PBXContainerItemProxy;
			containerPortal = 7EE3609D2EB33B8E00332084 /* Project object */;
			proxyType = 1;
			remoteGlobalIDString = 7EE360A42EB33B8F00332084;
			remoteInfo = DynamicIslandDemo;
		};
		7EE360E72EB33BC200332084 /* PBXContainerItemProxy */ = {
			isa = PBXContainerItemProxy;
			containerPortal = 7EE3609D2EB33B8E00332084 /* Project object */;
			proxyType = 1;
			remoteGlobalIDString = 7EE360D22EB33BBF00332084;
			remoteInfo = DemoWidgetExtension;
		};
/* End PBXContainerItemProxy section */

/* Begin PBXCopyFilesBuildPhase section */
		7EE360EE2EB33BC200332084 /* Embed Foundation Extensions */ = {
			isa = PBXCopyFilesBuildPhase;
			buildActionMask = 2147483647;
			dstPath = "";
			dstSubfolderSpec = 13;
			files = (
				7EE360E92EB33BC200332084 /* DemoWidgetExtension.appex in Embed Foundation Extensions */,
			);
			name = "Embed Foundation Extensions";
			runOnlyForDeploymentPostprocessing = 0;
		};
/* End PBXCopyFilesBuildPhase section */

/* Begin PBXFileReference section */
		7EE360A52EB33B8F00332084 /* DynamicIslandDemo.app */ = {isa = PBXFileReference; explicitFileType = wrapper.application; includeInIndex = 0; path = DynamicIslandDemo.app; sourceTree = BUILT_PRODUCTS_DIR; };
		7EE360B22EB33B9000332084 /* DynamicIslandDemoTests.xctest */ = {isa = PBXFileReference; explicitFileType = wrapper.cfbundle; includeInIndex = 0; path = DynamicIslandDemoTests.xctest; sourceTree = BUILT_PRODUCTS_DIR; };
		7EE360BC2EB33B9000332084 /* DynamicIslandDemoUITests.xctest */ = {isa = PBXFileReference; explicitFileType = wrapper.cfbundle; includeInIndex = 0; path = DynamicIslandDemoUITests.xctest; sourceTree = BUILT_PRODUCTS_DIR; };
		7EE360D32EB33BBF00332084 /* DemoWidgetExtension.appex */ = {isa = PBXFileReference; explicitFileType = "wrapper.app-extension"; includeInIndex = 0; path = DemoWidgetExtension.appex; sourceTree = BUILT_PRODUCTS_DIR; };
		7EE360D52EB33BBF00332084 /* WidgetKit.framework */ = {isa = PBXFileReference; lastKnownFileType = wrapper.framework; name = WidgetKit.framework; path = System/Library/Frameworks/WidgetKit.framework; sourceTree = SDKROOT; };
		7EE360D72EB33BBF00332084 /* SwiftUI.framework */ = {isa = PBXFileReference; lastKnownFileType = wrapper.framework; name = SwiftUI.framework; path = System/Library/Frameworks/SwiftUI.framework; sourceTree = SDKROOT; };
/* End PBXFileReference section */

/* Begin PBXFileSystemSynchronizedBuildFileExceptionSet section */
		7EE360EA2EB33BC200332084 /* Exceptions for "DemoWidget" folder in "DemoWidgetExtension" target */ = {
			isa = PBXFileSystemSynchronizedBuildFileExceptionSet;
			membershipExceptions = (
				Info.plist,
			);
			target = 7EE360D22EB33BBF00332084 /* DemoWidgetExtension */;
		};
		7EE360F92EB33D6900332084 /* Exceptions for "DynamicIslandDemo" folder in "DemoWidgetExtension" target */ = {
			isa = PBXFileSystemSynchronizedBuildFileExceptionSet;
			membershipExceptions = (
				DemoActivityAttributes.swift,
			);
			target = 7EE360D22EB33BBF00332084 /* DemoWidgetExtension */;
		};
/* End PBXFileSystemSynchronizedBuildFileExceptionSet section */

/* Begin PBXFileSystemSynchronizedRootGroup section */
		7EE360A72EB33B8F00332084 /* DynamicIslandDemo */ = {
			isa = PBXFileSystemSynchronizedRootGroup;
			exceptions = (
				7EE360F92EB33D6900332084 /* Exceptions for "DynamicIslandDemo" folder in "DemoWidgetExtension" target */,
			);
			path = DynamicIslandDemo;
			sourceTree = "<group>";
		};
		7EE360B52EB33B9000332084 /* DynamicIslandDemoTests */ = {
			isa = PBXFileSystemSynchronizedRootGroup;
			path = DynamicIslandDemoTests;
			sourceTree = "<group>";
		};
		7EE360BF2EB33B9000332084 /* DynamicIslandDemoUITests */ = {
			isa = PBXFileSystemSynchronizedRootGroup;
			path = DynamicIslandDemoUITests;
			sourceTree = "<group>";
		};
		7EE360D92EB33BBF00332084 /* DemoWidget */ = {
			isa = PBXFileSystemSynchronizedRootGroup;
			exceptions = (
				7EE360EA2EB33BC200332084 /* Exceptions for "DemoWidget" folder in "DemoWidgetExtension" target */,
			);
			path = DemoWidget;
			sourceTree = "<group>";
		};
/* End PBXFileSystemSynchronizedRootGroup section */

/* Begin PBXFrameworksBuildPhase section */
		7EE360A22EB33B8F00332084 /* Frameworks */ = {
			isa = PBXFrameworksBuildPhase;
			buildActionMask = 2147483647;
			files = (
			);
			runOnlyForDeploymentPostprocessing = 0;
		};
		7EE360AF2EB33B9000332084 /* Frameworks */ = {
			isa = PBXFrameworksBuildPhase;
			buildActionMask = 2147483647;
			files = (
			);
			runOnlyForDeploymentPostprocessing = 0;
		};
		7EE360B92EB33B9000332084 /* Frameworks */ = {
			isa = PBXFrameworksBuildPhase;
			buildActionMask = 2147483647;
			files = (
			);
			runOnlyForDeploymentPostprocessing = 0;
		};
		7EE360D02EB33BBF00332084 /* Frameworks */ = {
			isa = PBXFrameworksBuildPhase;
			buildActionMask = 2147483647;
			files = (
				7EE360D82EB33BBF00332084 /* SwiftUI.framework in Frameworks */,
				7EE360D62EB33BBF00332084 /* WidgetKit.framework in Frameworks */,
			);
			runOnlyForDeploymentPostprocessing = 0;
		};
/* End PBXFrameworksBuildPhase section */

/* Begin PBXGroup section */
		7EE3609C2EB33B8E00332084 = {
			isa = PBXGroup;
			children = (
				7EE360A72EB33B8F00332084 /* DynamicIslandDemo */,
				7EE360B52EB33B9000332084 /* DynamicIslandDemoTests */,
				7EE360BF2EB33B9000332084 /* DynamicIslandDemoUITests */,
				7EE360D92EB33BBF00332084 /* DemoWidget */,
				7EE360D42EB33BBF00332084 /* Frameworks */,
				7EE360A62EB33B8F00332084 /* Products */,
			);
			sourceTree = "<group>";
		};
		7EE360A62EB33B8F00332084 /* Products */ = {
			isa = PBXGroup;
			children = (
				7EE360A52EB33B8F00332084 /* DynamicIslandDemo.app */,
				7EE360B22EB33B9000332084 /* DynamicIslandDemoTests.xctest */,
				7EE360BC2EB33B9000332084 /* DynamicIslandDemoUITests.xctest */,
				7EE360D32EB33BBF00332084 /* DemoWidgetExtension.appex */,
			);
			name = Products;
			sourceTree = "<group>";
		};
		7EE360D42EB33BBF00332084 /* Frameworks */ = {
			isa = PBXGroup;
			children = (
				7EE360D52EB33BBF00332084 /* WidgetKit.framework */,
				7EE360D72EB33BBF00332084 /* SwiftUI.framework */,
			);
			name = Frameworks;
			sourceTree = "<group>";
		};
/* End PBXGroup section */

/* Begin PBXNativeTarget section */
		7EE360A42EB33B8F00332084 /* DynamicIslandDemo */ = {
			isa = PBXNativeTarget;
			buildConfigurationList = 7EE360C62EB33B9000332084 /* Build configuration list for PBXNativeTarget "DynamicIslandDemo" */;
			buildPhases = (
				7EE360A12EB33B8F00332084 /* Sources */,
				7EE360A22EB33B8F00332084 /* Frameworks */,
				7EE360A32EB33B8F00332084 /* Resources */,
				7EE360EE2EB33BC200332084 /* Embed Foundation Extensions */,
			);
			buildRules = (
			);
			dependencies = (
				7EE360E82EB33BC200332084 /* PBXTargetDependency */,
			);
			fileSystemSynchronizedGroups = (
				7EE360A72EB33B8F00332084 /* DynamicIslandDemo */,
			);
			name = DynamicIslandDemo;
			packageProductDependencies = (
			);
			productName = DynamicIslandDemo;
			productReference = 7EE360A52EB33B8F00332084 /* DynamicIslandDemo.app */;
			productType = "com.apple.product-type.application";
		};
		7EE360B12EB33B9000332084 /* DynamicIslandDemoTests */ = {
			isa = PBXNativeTarget;
			buildConfigurationList = 7EE360C92EB33B9000332084 /* Build configuration list for PBXNativeTarget "DynamicIslandDemoTests" */;
			buildPhases = (
				7EE360AE2EB33B9000332084 /* Sources */,
				7EE360AF2EB33B9000332084 /* Frameworks */,
				7EE360B02EB33B9000332084 /* Resources */,
			);
			buildRules = (
			);
			dependencies = (
				7EE360B42EB33B9000332084 /* PBXTargetDependency */,
			);
			fileSystemSynchronizedGroups = (
				7EE360B52EB33B9000332084 /* DynamicIslandDemoTests */,
			);
			name = DynamicIslandDemoTests;
			packageProductDependencies = (
			);
			productName = DynamicIslandDemoTests;
			productReference = 7EE360B22EB33B9000332084 /* DynamicIslandDemoTests.xctest */;
			productType = "com.apple.product-type.bundle.unit-test";
		};
		7EE360BB2EB33B9000332084 /* DynamicIslandDemoUITests */ = {
			isa = PBXNativeTarget;
			buildConfigurationList = 7EE360CC2EB33B9000332084 /* Build configuration list for PBXNativeTarget "DynamicIslandDemoUITests" */;
			buildPhases = (
				7EE360B82EB33B9000332084 /* Sources */,
				7EE360B92EB33B9000332084 /* Frameworks */,
				7EE360BA2EB33B9000332084 /* Resources */,
			);
			buildRules = (
			);
			dependencies = (
				7EE360BE2EB33B9000332084 /* PBXTargetDependency */,
			);
			fileSystemSynchronizedGroups = (
				7EE360BF2EB33B9000332084 /* DynamicIslandDemoUITests */,
			);
			name = DynamicIslandDemoUITests;
			packageProductDependencies = (
			);
			productName = DynamicIslandDemoUITests;
			productReference = 7EE360BC2EB33B9000332084 /* DynamicIslandDemoUITests.xctest */;
			productType = "com.apple.product-type.bundle.ui-testing";
		};
		7EE360D22EB33BBF00332084 /* DemoWidgetExtension */ = {
			isa = PBXNativeTarget;
			buildConfigurationList = 7EE360EB2EB33BC200332084 /* Build configuration list for PBXNativeTarget "DemoWidgetExtension" */;
			buildPhases = (
				7EE360CF2EB33BBF00332084 /* Sources */,
				7EE360D02EB33BBF00332084 /* Frameworks */,
				7EE360D12EB33BBF00332084 /* Resources */,
			);
			buildRules = (
			);
			dependencies = (
			);
			fileSystemSynchronizedGroups = (
				7EE360D92EB33BBF00332084 /* DemoWidget */,
			);
			name = DemoWidgetExtension;
			packageProductDependencies = (
			);
			productName = DemoWidgetExtension;
			productReference = 7EE360D32EB33BBF00332084 /* DemoWidgetExtension.appex */;
			productType = "com.apple.product-type.app-extension";
		};
/* End PBXNativeTarget section */

/* Begin PBXProject section */
		7EE3609D2EB33B8E00332084 /* Project object */ = {
			isa = PBXProject;
			attributes = {
				BuildIndependentTargetsInParallel = 1;
				LastSwiftUpdateCheck = 2600;
				LastUpgradeCheck = 2600;
				TargetAttributes = {
					7EE360A42EB33B8F00332084 = {
						CreatedOnToolsVersion = 26.0;
						LastSwiftMigration = 2600;
					};
					7EE360B12EB33B9000332084 = {
						CreatedOnToolsVersion = 26.0;
						TestTargetID = 7EE360A42EB33B8F00332084;
					};
					7EE360BB2EB33B9000332084 = {
						CreatedOnToolsVersion = 26.0;
						TestTargetID = 7EE360A42EB33B8F00332084;
					};
					7EE360D22EB33BBF00332084 = {
						CreatedOnToolsVersion = 26.0;
					};
				};
			};
			buildConfigurationList = 7EE360A02EB33B8F00332084 /* Build configuration list for PBXProject "DynamicIslandDemo" */;
			developmentRegion = en;
			hasScannedForEncodings = 0;
			knownRegions = (
				en,
				Base,
			);
			mainGroup = 7EE3609C2EB33B8E00332084;
			minimizedProjectReferenceProxies = 1;
			preferredProjectObjectVersion = 77;
			productRefGroup = 7EE360A62EB33B8F00332084 /* Products */;
			projectDirPath = "";
			projectRoot = "";
			targets = (
				7EE360A42EB33B8F00332084 /* DynamicIslandDemo */,
				7EE360B12EB33B9000332084 /* DynamicIslandDemoTests */,
				7EE360BB2EB33B9000332084 /* DynamicIslandDemoUITests */,
				7EE360D22EB33BBF00332084 /* DemoWidgetExtension */,
			);
		};
/* End PBXProject section */

/* Begin PBXResourcesBuildPhase section */
		7EE360A32EB33B8F00332084 /* Resources */ = {
			isa = PBXResourcesBuildPhase;
			buildActionMask = 2147483647;
			files = (
			);
			runOnlyForDeploymentPostprocessing = 0;
		};
		7EE360B02EB33B9000332084 /* Resources */ = {
			isa = PBXResourcesBuildPhase;
			buildActionMask = 2147483647;
			files = (
			);
			runOnlyForDeploymentPostprocessing = 0;
		};
		7EE360BA2EB33B9000332084 /* Resources */ = {
			isa = PBXResourcesBuildPhase;
			buildActionMask = 2147483647;
			files = (
			);
			runOnlyForDeploymentPostprocessing = 0;
		};
		7EE360D12EB33BBF00332084 /* Resources */ = {
			isa = PBXResourcesBuildPhase;
			buildActionMask = 2147483647;
			files = (
			);
			runOnlyForDeploymentPostprocessing = 0;
		};
/* End PBXResourcesBuildPhase section */

/* Begin PBXSourcesBuildPhase section */
		7EE360A12EB33B8F00332084 /* Sources */ = {
			isa = PBXSourcesBuildPhase;
			buildActionMask = 2147483647;
			files = (
			);
			runOnlyForDeploymentPostprocessing = 0;
		};
		7EE360AE2EB33B9000332084 /* Sources */ = {
			isa = PBXSourcesBuildPhase;
			buildActionMask = 2147483647;
			files = (
			);
			runOnlyForDeploymentPostprocessing = 0;
		};
		7EE360B82EB33B9000332084 /* Sources */ = {
			isa = PBXSourcesBuildPhase;
			buildActionMask = 2147483647;
			files = (
			);
			runOnlyForDeploymentPostprocessing = 0;
		};
		7EE360CF2EB33BBF00332084 /* Sources */ = {
			isa = PBXSourcesBuildPhase;
			buildActionMask = 2147483647;
			files = (
			);
			runOnlyForDeploymentPostprocessing = 0;
		};
/* End PBXSourcesBuildPhase section */

/* Begin PBXTargetDependency section */
		7EE360B42EB33B9000332084 /* PBXTargetDependency */ = {
			isa = PBXTargetDependency;
			target = 7EE360A42EB33B8F00332084 /* DynamicIslandDemo */;
			targetProxy = 7EE360B32EB33B9000332084 /* PBXContainerItemProxy */;
		};
		7EE360BE2EB33B9000332084 /* PBXTargetDependency */ = {
			isa = PBXTargetDependency;
			target = 7EE360A42EB33B8F00332084 /* DynamicIslandDemo */;
			targetProxy = 7EE360BD2EB33B9000332084 /* PBXContainerItemProxy */;
		};
		7EE360E82EB33BC200332084 /* PBXTargetDependency */ = {
			isa = PBXTargetDependency;
			target = 7EE360D22EB33BBF00332084 /* DemoWidgetExtension */;
			targetProxy = 7EE360E72EB33BC200332084 /* PBXContainerItemProxy */;
		};
/* End PBXTargetDependency section */

/* Begin XCBuildConfiguration section */
		7EE360C42EB33B9000332084 /* Debug */ = {
			isa = XCBuildConfiguration;
			buildSettings = {
				ALWAYS_SEARCH_USER_PATHS = NO;
				ASSETCATALOG_COMPILER_GENERATE_SWIFT_ASSET_SYMBOL_EXTENSIONS = YES;
				CLANG_ANALYZER_NONNULL = YES;
				CLANG_ANALYZER_NUMBER_OBJECT_CONVERSION = YES_AGGRESSIVE;
				CLANG_CXX_LANGUAGE_STANDARD = "gnu++20";
				CLANG_ENABLE_MODULES = YES;
				CLANG_ENABLE_OBJC_ARC = YES;
				CLANG_ENABLE_OBJC_WEAK = YES;
				CLANG_WARN_BLOCK_CAPTURE_AUTORELEASING = YES;
				CLANG_WARN_BOOL_CONVERSION = YES;
				CLANG_WARN_COMMA = YES;
				CLANG_WARN_CONSTANT_CONVERSION = YES;
				CLANG_WARN_DEPRECATED_OBJC_IMPLEMENTATIONS = YES;
				CLANG_WARN_DIRECT_OBJC_ISA_USAGE = YES_ERROR;
				CLANG_WARN_DOCUMENTATION_COMMENTS = YES;
				CLANG_WARN_EMPTY_BODY = YES;
				CLANG_WARN_ENUM_CONVERSION = YES;
				CLANG_WARN_INFINITE_RECURSION = YES;
				CLANG_WARN_INT_CONVERSION = YES;
				CLANG_WARN_NON_LITERAL_NULL_CONVERSION = YES;
				CLANG_WARN_OBJC_IMPLICIT_RETAIN_SELF = YES;
				CLANG_WARN_OBJC_LITERAL_CONVERSION = YES;
				CLANG_WARN_OBJC_ROOT_CLASS = YES_ERROR;
				CLANG_WARN_QUOTED_INCLUDE_IN_FRAMEWORK_HEADER = YES;
				CLANG_WARN_RANGE_LOOP_ANALYSIS = YES;
				CLANG_WARN_STRICT_PROTOTYPES = YES;
				CLANG_WARN_SUSPICIOUS_MOVE = YES;
				CLANG_WARN_UNGUARDED_AVAILABILITY = YES_AGGRESSIVE;
				CLANG_WARN_UNREACHABLE_CODE = YES;
				CLANG_WARN__DUPLICATE_METHOD_MATCH = YES;
				COPY_PHASE_STRIP = NO;
				DEBUG_INFORMATION_FORMAT = dwarf;
				DEVELOPMENT_TEAM = 58F299JZRP;
				ENABLE_STRICT_OBJC_MSGSEND = YES;
				ENABLE_TESTABILITY = YES;
				ENABLE_USER_SCRIPT_SANDBOXING = YES;
				GCC_C_LANGUAGE_STANDARD = gnu17;
				GCC_DYNAMIC_NO_PIC = NO;
				GCC_NO_COMMON_BLOCKS = YES;
				GCC_OPTIMIZATION_LEVEL = 0;
				GCC_PREPROCESSOR_DEFINITIONS = (
					"DEBUG=1",
					"$(inherited)",
				);
				GCC_WARN_64_TO_32_BIT_CONVERSION = YES;
				GCC_WARN_ABOUT_RETURN_TYPE = YES_ERROR;
				GCC_WARN_UNDECLARED_SELECTOR = YES;
				GCC_WARN_UNINITIALIZED_AUTOS = YES_AGGRESSIVE;
				GCC_WARN_UNUSED_FUNCTION = YES;
				GCC_WARN_UNUSED_VARIABLE = YES;
				IPHONEOS_DEPLOYMENT_TARGET = 26.0;
				LOCALIZATION_PREFERS_STRING_CATALOGS = YES;
				MTL_ENABLE_DEBUG_INFO = INCLUDE_SOURCE;
				MTL_FAST_MATH = YES;
				ONLY_ACTIVE_ARCH = YES;
				SDKROOT = iphoneos;
				SWIFT_ACTIVE_COMPILATION_CONDITIONS = "DEBUG $(inherited)";
				SWIFT_OPTIMIZATION_LEVEL = "-Onone";
			};
			name = Debug;
		};
		7EE360C52EB33B9000332084 /* Release */ = {
			isa = XCBuildConfiguration;
			buildSettings = {
				ALWAYS_SEARCH_USER_PATHS = NO;
				ASSETCATALOG_COMPILER_GENERATE_SWIFT_ASSET_SYMBOL_EXTENSIONS = YES;
				CLANG_ANALYZER_NONNULL = YES;
				CLANG_ANALYZER_NUMBER_OBJECT_CONVERSION = YES_AGGRESSIVE;
				CLANG_CXX_LANGUAGE_STANDARD = "gnu++20";
				CLANG_ENABLE_MODULES = YES;
				CLANG_ENABLE_OBJC_ARC = YES;
				CLANG_ENABLE_OBJC_WEAK = YES;
				CLANG_WARN_BLOCK_CAPTURE_AUTORELEASING = YES;
				CLANG_WARN_BOOL_CONVERSION = YES;
				CLANG_WARN_COMMA = YES;
				CLANG_WARN_CONSTANT_CONVERSION = YES;
				CLANG_WARN_DEPRECATED_OBJC_IMPLEMENTATIONS = YES;
				CLANG_WARN_DIRECT_OBJC_ISA_USAGE = YES_ERROR;
				CLANG_WARN_DOCUMENTATION_COMMENTS = YES;
				CLANG_WARN_EMPTY_BODY = YES;
				CLANG_WARN_ENUM_CONVERSION = YES;
				CLANG_WARN_INFINITE_RECURSION = YES;
				CLANG_WARN_INT_CONVERSION = YES;
				CLANG_WARN_NON_LITERAL_NULL_CONVERSION = YES;
				CLANG_WARN_OBJC_IMPLICIT_RETAIN_SELF = YES;
				CLANG_WARN_OBJC_LITERAL_CONVERSION = YES;
				CLANG_WARN_OBJC_ROOT_CLASS = YES_ERROR;
				CLANG_WARN_QUOTED_INCLUDE_IN_FRAMEWORK_HEADER = YES;
				CLANG_WARN_RANGE_LOOP_ANALYSIS = YES;
				CLANG_WARN_STRICT_PROTOTYPES = YES;
				CLANG_WARN_SUSPICIOUS_MOVE = YES;
				CLANG_WARN_UNGUARDED_AVAILABILITY = YES_AGGRESSIVE;
				CLANG_WARN_UNREACHABLE_CODE = YES;
				CLANG_WARN__DUPLICATE_METHOD_MATCH = YES;
				COPY_PHASE_STRIP = NO;
				DEBUG_INFORMATION_FORMAT = "dwarf-with-dsym";
				DEVELOPMENT_TEAM = 58F299JZRP;
				ENABLE_NS_ASSERTIONS = NO;
				ENABLE_STRICT_OBJC_MSGSEND = YES;
				ENABLE_USER_SCRIPT_SANDBOXING = YES;
				GCC_C_LANGUAGE_STANDARD = gnu17;
				GCC_NO_COMMON_BLOCKS = YES;
				GCC_WARN_64_TO_32_BIT_CONVERSION = YES;
				GCC_WARN_ABOUT_RETURN_TYPE = YES_ERROR;
				GCC_WARN_UNDECLARED_SELECTOR = YES;
				GCC_WARN_UNINITIALIZED_AUTOS = YES_AGGRESSIVE;
				GCC_WARN_UNUSED_FUNCTION = YES;
				GCC_WARN_UNUSED_VARIABLE = YES;
				IPHONEOS_DEPLOYMENT_TARGET = 26.0;
				LOCALIZATION_PREFERS_STRING_CATALOGS = YES;
				MTL_ENABLE_DEBUG_INFO = NO;
				MTL_FAST_MATH = YES;
				SDKROOT = iphoneos;
				SWIFT_COMPILATION_MODE = wholemodule;
				VALIDATE_PRODUCT = YES;
			};
			name = Release;
		};
		7EE360C72EB33B9000332084 /* Debug */ = {
			isa = XCBuildConfiguration;
			buildSettings = {
				ASSETCATALOG_COMPILER_APPICON_NAME = AppIcon;
				ASSETCATALOG_COMPILER_GLOBAL_ACCENT_COLOR_NAME = AccentColor;
				CLANG_ENABLE_MODULES = YES;
				CODE_SIGN_IDENTITY = "Apple Development";
				CODE_SIGN_STYLE = Automatic;
				CURRENT_PROJECT_VERSION = 1;
				DEVELOPMENT_TEAM = 58F299JZRP;
				ENABLE_PREVIEWS = YES;
				GENERATE_INFOPLIST_FILE = YES;
				INFOPLIST_KEY_NSSupportsLiveActivities = YES;
				INFOPLIST_KEY_UIApplicationSceneManifest_Generation = YES;
				INFOPLIST_KEY_UIApplicationSupportsIndirectInputEvents = YES;
				INFOPLIST_KEY_UILaunchScreen_Generation = YES;
				INFOPLIST_KEY_UISupportedInterfaceOrientations_iPad = "UIInterfaceOrientationPortrait UIInterfaceOrientationPortraitUpsideDown UIInterfaceOrientationLandscapeLeft UIInterfaceOrientationLandscapeRight";
				INFOPLIST_KEY_UISupportedInterfaceOrientations_iPhone = "UIInterfaceOrientationPortrait UIInterfaceOrientationLandscapeLeft UIInterfaceOrientationLandscapeRight";
				IPHONEOS_DEPLOYMENT_TARGET = 17.6;
				LD_RUNPATH_SEARCH_PATHS = (
					"$(inherited)",
					"@executable_path/Frameworks",
				);
				MARKETING_VERSION = 1.0;
				PRODUCT_BUNDLE_IDENTIFIER = com.mimichen.DynamicIslandDemo;
				PRODUCT_NAME = "$(TARGET_NAME)";
				PROVISIONING_PROFILE_SPECIFIER = "";
				STRING_CATALOG_GENERATE_SYMBOLS = YES;
				SWIFT_APPROACHABLE_CONCURRENCY = YES;
				SWIFT_DEFAULT_ACTOR_ISOLATION = MainActor;
				SWIFT_EMIT_LOC_STRINGS = YES;
				SWIFT_OBJC_BRIDGING_HEADER = "DynamicIslandDemo/DynamicIslandDemo-Bridging-Header.h";
				SWIFT_OPTIMIZATION_LEVEL = "-Onone";
				SWIFT_UPCOMING_FEATURE_MEMBER_IMPORT_VISIBILITY = YES;
				SWIFT_VERSION = 5.0;
				TARGETED_DEVICE_FAMILY = "1,2";
			};
			name = Debug;
		};
		7EE360C82EB33B9000332084 /* Release */ = {
			isa = XCBuildConfiguration;
			buildSettings = {
				ASSETCATALOG_COMPILER_APPICON_NAME = AppIcon;
				ASSETCATALOG_COMPILER_GLOBAL_ACCENT_COLOR_NAME = AccentColor;
				CLANG_ENABLE_MODULES = YES;
				CODE_SIGN_IDENTITY = "Apple Development";
				CODE_SIGN_STYLE = Automatic;
				CURRENT_PROJECT_VERSION = 1;
				DEVELOPMENT_TEAM = 58F299JZRP;
				ENABLE_PREVIEWS = YES;
				GENERATE_INFOPLIST_FILE = YES;
				INFOPLIST_KEY_NSSupportsLiveActivities = YES;
				INFOPLIST_KEY_UIApplicationSceneManifest_Generation = YES;
				INFOPLIST_KEY_UIApplicationSupportsIndirectInputEvents = YES;
				INFOPLIST_KEY_UILaunchScreen_Generation = YES;
				INFOPLIST_KEY_UISupportedInterfaceOrientations_iPad = "UIInterfaceOrientationPortrait UIInterfaceOrientationPortraitUpsideDown UIInterfaceOrientationLandscapeLeft UIInterfaceOrientationLandscapeRight";
				INFOPLIST_KEY_UISupportedInterfaceOrientations_iPhone = "UIInterfaceOrientationPortrait UIInterfaceOrientationLandscapeLeft UIInterfaceOrientationLandscapeRight";
				IPHONEOS_DEPLOYMENT_TARGET = 17.6;
				LD_RUNPATH_SEARCH_PATHS = (
					"$(inherited)",
					"@executable_path/Frameworks",
				);
				MARKETING_VERSION = 1.0;
				PRODUCT_BUNDLE_IDENTIFIER = com.mimichen.DynamicIslandDemo;
				PRODUCT_NAME = "$(TARGET_NAME)";
				PROVISIONING_PROFILE_SPECIFIER = "";
				STRING_CATALOG_GENERATE_SYMBOLS = YES;
				SWIFT_APPROACHABLE_CONCURRENCY = YES;
				SWIFT_DEFAULT_ACTOR_ISOLATION = MainActor;
				SWIFT_EMIT_LOC_STRINGS = YES;
				SWIFT_OBJC_BRIDGING_HEADER = "DynamicIslandDemo/DynamicIslandDemo-Bridging-Header.h";
				SWIFT_UPCOMING_FEATURE_MEMBER_IMPORT_VISIBILITY = YES;
				SWIFT_VERSION = 5.0;
				TARGETED_DEVICE_FAMILY = "1,2";
			};
			name = Release;
		};
		7EE360CA2EB33B9000332084 /* Debug */ = {
			isa = XCBuildConfiguration;
			buildSettings = {
				BUNDLE_LOADER = "$(TEST_HOST)";
				CODE_SIGN_STYLE = Automatic;
				CURRENT_PROJECT_VERSION = 1;
				DEVELOPMENT_TEAM = 58F299JZRP;
				GENERATE_INFOPLIST_FILE = YES;
				IPHONEOS_DEPLOYMENT_TARGET = 26.0;
				MARKETING_VERSION = 1.0;
				PRODUCT_BUNDLE_IDENTIFIER = com.IYA.MimiChen.DynamicIslandDemoTests;
				PRODUCT_NAME = "$(TARGET_NAME)";
				STRING_CATALOG_GENERATE_SYMBOLS = NO;
				SWIFT_APPROACHABLE_CONCURRENCY = YES;
				SWIFT_EMIT_LOC_STRINGS = NO;
				SWIFT_UPCOMING_FEATURE_MEMBER_IMPORT_VISIBILITY = YES;
				SWIFT_VERSION = 5.0;
				TARGETED_DEVICE_FAMILY = "1,2";
				TEST_HOST = "$(BUILT_PRODUCTS_DIR)/DynamicIslandDemo.app/$(BUNDLE_EXECUTABLE_FOLDER_PATH)/DynamicIslandDemo";
			};
			name = Debug;
		};
		7EE360CB2EB33B9000332084 /* Release */ = {
			isa = XCBuildConfiguration;
			buildSettings = {
				BUNDLE_LOADER = "$(TEST_HOST)";
				CODE_SIGN_STYLE = Automatic;
				CURRENT_PROJECT_VERSION = 1;
				DEVELOPMENT_TEAM = 58F299JZRP;
				GENERATE_INFOPLIST_FILE = YES;
				IPHONEOS_DEPLOYMENT_TARGET = 26.0;
				MARKETING_VERSION = 1.0;
				PRODUCT_BUNDLE_IDENTIFIER = com.IYA.MimiChen.DynamicIslandDemoTests;
				PRODUCT_NAME = "$(TARGET_NAME)";
				STRING_CATALOG_GENERATE_SYMBOLS = NO;
				SWIFT_APPROACHABLE_CONCURRENCY = YES;
				SWIFT_EMIT_LOC_STRINGS = NO;
				SWIFT_UPCOMING_FEATURE_MEMBER_IMPORT_VISIBILITY = YES;
				SWIFT_VERSION = 5.0;
				TARGETED_DEVICE_FAMILY = "1,2";
				TEST_HOST = "$(BUILT_PRODUCTS_DIR)/DynamicIslandDemo.app/$(BUNDLE_EXECUTABLE_FOLDER_PATH)/DynamicIslandDemo";
			};
			name = Release;
		};
		7EE360CD2EB33B9000332084 /* Debug */ = {
			isa = XCBuildConfiguration;
			buildSettings = {
				CODE_SIGN_STYLE = Automatic;
				CURRENT_PROJECT_VERSION = 1;
				DEVELOPMENT_TEAM = 58F299JZRP;
				GENERATE_INFOPLIST_FILE = YES;
				MARKETING_VERSION = 1.0;
				PRODUCT_BUNDLE_IDENTIFIER = com.IYA.MimiChen.DynamicIslandDemoUITests;
				PRODUCT_NAME = "$(TARGET_NAME)";
				STRING_CATALOG_GENERATE_SYMBOLS = NO;
				SWIFT_APPROACHABLE_CONCURRENCY = YES;
				SWIFT_EMIT_LOC_STRINGS = NO;
				SWIFT_UPCOMING_FEATURE_MEMBER_IMPORT_VISIBILITY = YES;
				SWIFT_VERSION = 5.0;
				TARGETED_DEVICE_FAMILY = "1,2";
				TEST_TARGET_NAME = DynamicIslandDemo;
			};
			name = Debug;
		};
		7EE360CE2EB33B9000332084 /* Release */ = {
			isa = XCBuildConfiguration;
			buildSettings = {
				CODE_SIGN_STYLE = Automatic;
				CURRENT_PROJECT_VERSION = 1;
				DEVELOPMENT_TEAM = 58F299JZRP;
				GENERATE_INFOPLIST_FILE = YES;
				MARKETING_VERSION = 1.0;
				PRODUCT_BUNDLE_IDENTIFIER = com.IYA.MimiChen.DynamicIslandDemoUITests;
				PRODUCT_NAME = "$(TARGET_NAME)";
				STRING_CATALOG_GENERATE_SYMBOLS = NO;
				SWIFT_APPROACHABLE_CONCURRENCY = YES;
				SWIFT_EMIT_LOC_STRINGS = NO;
				SWIFT_UPCOMING_FEATURE_MEMBER_IMPORT_VISIBILITY = YES;
				SWIFT_VERSION = 5.0;
				TARGETED_DEVICE_FAMILY = "1,2";
				TEST_TARGET_NAME = DynamicIslandDemo;
			};
			name = Release;
		};
		7EE360EC2EB33BC200332084 /* Debug */ = {
			isa = XCBuildConfiguration;
			buildSettings = {
				ASSETCATALOG_COMPILER_GLOBAL_ACCENT_COLOR_NAME = AccentColor;
				ASSETCATALOG_COMPILER_WIDGET_BACKGROUND_COLOR_NAME = WidgetBackground;
				CODE_SIGN_STYLE = Automatic;
				CURRENT_PROJECT_VERSION = 1;
				DEVELOPMENT_TEAM = 58F299JZRP;
				GENERATE_INFOPLIST_FILE = YES;
				INFOPLIST_FILE = DemoWidget/Info.plist;
				INFOPLIST_KEY_CFBundleDisplayName = DemoWidget;
				INFOPLIST_KEY_NSHumanReadableCopyright = "";
				LD_RUNPATH_SEARCH_PATHS = (
					"$(inherited)",
					"@executable_path/Frameworks",
					"@executable_path/../../Frameworks",
				);
				MARKETING_VERSION = 1.0;
				PRODUCT_BUNDLE_IDENTIFIER = com.mimichen.DynamicIslandDemo.DemoWidgetExtension;
				PRODUCT_NAME = "$(TARGET_NAME)";
				SKIP_INSTALL = YES;
				STRING_CATALOG_GENERATE_SYMBOLS = YES;
				SWIFT_APPROACHABLE_CONCURRENCY = YES;
				SWIFT_EMIT_LOC_STRINGS = YES;
				SWIFT_UPCOMING_FEATURE_MEMBER_IMPORT_VISIBILITY = YES;
				SWIFT_VERSION = 5.0;
				TARGETED_DEVICE_FAMILY = "1,2";
			};
			name = Debug;
		};
		7EE360ED2EB33BC200332084 /* Release */ = {
			isa = XCBuildConfiguration;
			buildSettings = {
				ASSETCATALOG_COMPILER_GLOBAL_ACCENT_COLOR_NAME = AccentColor;
				ASSETCATALOG_COMPILER_WIDGET_BACKGROUND_COLOR_NAME = WidgetBackground;
				CODE_SIGN_STYLE = Automatic;
				CURRENT_PROJECT_VERSION = 1;
				DEVELOPMENT_TEAM = 58F299JZRP;
				GENERATE_INFOPLIST_FILE = YES;
				INFOPLIST_FILE = DemoWidget/Info.plist;
				INFOPLIST_KEY_CFBundleDisplayName = DemoWidget;
				INFOPLIST_KEY_NSHumanReadableCopyright = "";
				LD_RUNPATH_SEARCH_PATHS = (
					"$(inherited)",
					"@executable_path/Frameworks",
					"@executable_path/../../Frameworks",
				);
				MARKETING_VERSION = 1.0;
				PRODUCT_BUNDLE_IDENTIFIER = com.mimichen.DynamicIslandDemo.DemoWidgetExtension;
				PRODUCT_NAME = "$(TARGET_NAME)";
				SKIP_INSTALL = YES;
				STRING_CATALOG_GENERATE_SYMBOLS = YES;
				SWIFT_APPROACHABLE_CONCURRENCY = YES;
				SWIFT_EMIT_LOC_STRINGS = YES;
				SWIFT_UPCOMING_FEATURE_MEMBER_IMPORT_VISIBILITY = YES;
				SWIFT_VERSION = 5.0;
				TARGETED_DEVICE_FAMILY = "1,2";
			};
			name = Release;
		};
/* End XCBuildConfiguration section */

/* Begin XCConfigurationList section */
		7EE360A02EB33B8F00332084 /* Build configuration list for PBXProject "DynamicIslandDemo" */ = {
			isa = XCConfigurationList;
			buildConfigurations = (
				7EE360C42EB33B9000332084 /* Debug */,
				7EE360C52EB33B9000332084 /* Release */,
			);
			defaultConfigurationIsVisible = 0;
			defaultConfigurationName = Release;
		};
		7EE360C62EB33B9000332084 /* Build configuration list for PBXNativeTarget "DynamicIslandDemo" */ = {
			isa = XCConfigurationList;
			buildConfigurations = (
				7EE360C72EB33B9000332084 /* Debug */,
				7EE360C82EB33B9000332084 /* Release */,
			);
			defaultConfigurationIsVisible = 0;
			defaultConfigurationName = Release;
		};
		7EE360C92EB33B9000332084 /* Build configuration list for PBXNativeTarget "DynamicIslandDemoTests" */ = {
			isa = XCConfigurationList;
			buildConfigurations = (
				7EE360CA2EB33B9000332084 /* Debug */,
				7EE360CB2EB33B9000332084 /* Release */,
			);
			defaultConfigurationIsVisible = 0;
			defaultConfigurationName = Release;
		};
		7EE360CC2EB33B9000332084 /* Build configuration list for PBXNativeTarget "DynamicIslandDemoUITests" */ = {
			isa = XCConfigurationList;
			buildConfigurations = (
				7EE360CD2EB33B9000332084 /* Debug */,
				7EE360CE2EB33B9000332084 /* Release */,
			);
			defaultConfigurationIsVisible = 0;
			defaultConfigurationName = Release;
		};
		7EE360EB2EB33BC200332084 /* Build configuration list for PBXNativeTarget "DemoWidgetExtension" */ = {
			isa = XCConfigurationList;
			buildConfigurations = (
				7EE360EC2EB33BC200332084 /* Debug */,
				7EE360ED2EB33BC200332084 /* Release */,
			);
			defaultConfigurationIsVisible = 0;
			defaultConfigurationName = Release;
		};
/* End XCConfigurationList section */
	};
	rootObject = 7EE3609D2EB33B8E00332084 /* Project object */;
}
